
Microsoft Visual Studio Solution File, Format Version 12.00
# Visual Studio Version 17
VisualStudioVersion = 17.4.33103.184
MinimumVisualStudioVersion = 10.0.40219.1
Project("{8BC9CEB8-8B4A-11D0-8D11-00A0C91BC942}") = "igra", "igra\igra.vcxproj", "{6D11E877-CE96-4EEC-8E3A-69C8E8678CFB}"
EndProject
Global
	GlobalSection(SolutionConfigurationPlatforms) = preSolution
		Debug|x64 = Debug|x64
		Debug|x86 = Debug|x86
		Release|x64 = Release|x64
		Release|x86 = Release|x86
	EndGlobalSection
	GlobalSection(ProjectConfigurationPlatforms) = postSolution
		{6D11E877-CE96-4EEC-8E3A-69C8E8678CFB}.Debug|x64.ActiveCfg = Debug|x64
		{6D11E877-CE96-4EEC-8E3A-69C8E8678CFB}.Debug|x64.Build.0 = Debug|x64
		{6D11E877-CE96-4EEC-8E3A-69C8E8678CFB}.Debug|x86.ActiveCfg = Debug|Win32
		{6D11E877-CE96-4EEC-8E3A-69C8E8678CFB}.Debug|x86.Build.0 = Debug|Win32
		{6D11E877-CE96-4EEC-8E3A-69C8E8678CFB}.Release|x64.ActiveCfg = Release|x64
		{6D11E877-CE96-4EEC-8E3A-69C8E8678CFB}.Release|x64.Build.0 = Release|x64
		{6D11E877-CE96-4EEC-8E3A-69C8E8678CFB}.Release|x86.ActiveCfg = Release|Win32
		{6D11E877-CE96-4EEC-8E3A-69C8E8678CFB}.Release|x86.Build.0 = Release|Win32
	EndGlobalSection
	GlobalSection(SolutionProperties) = preSolution
		HideSolutionNode = FALSE
	EndGlobalSection
	GlobalSection(ExtensibilityGlobals) = postSolution
		SolutionGuid = {AB7286F7-3DBB-4433-BA1A-E6CF83F31AB8}
	EndGlobalSection
EndGlobal
